// !$*UTF8*$!
{
	archiveVersion = 1;
	classes = {
	};
	objectVersion = 77;
	objects = {

/* Begin PBXBuildFile section */
		8F52033B2EC63B1000F1E0F2 /* AppsFlyerLib in Frameworks */ = {isa = PBXBuildFile; productRef = 8F52033A2EC63B1000F1E0F2 /* AppsFlyerLib */; };
		8F52033E2EC63B6000F1E0F2 /* FirebaseCore in Frameworks */ = {isa = PBXBuildFile; productRef = 8F52033D2EC63B6000F1E0F2 /* FirebaseCore */; };
		8F5203402EC63B6000F1E0F2 /* FirebaseMessaging in Frameworks */ = {isa = PBXBuildFile; productRef = 8F52033F2EC63B6000F1E0F2 /* FirebaseMessaging */; };
		8F5203672EC65AA800F1E0F2 /* NotificationServiceExtension.appex in Embed Foundation Extensions */ = {isa = PBXBuildFile; fileRef = 8F5203602EC65AA800F1E0F2 /* NotificationServiceExtension.appex */; settings = {ATTRIBUTES = (RemoveHeadersOnCopy, ); }; };
		8F52036F2EC65ABC00F1E0F2 /* FirebaseMessaging in Frameworks */ = {isa = PBXBuildFile; productRef = 8F52036E2EC65ABC00F1E0F2 /* FirebaseMessaging */; };
/* End PBXBuildFile section */

/* Begin PBXContainerItemProxy section */
		8F5203652EC65AA800F1E0F2 /* PBXContainerItemProxy */ = {
			isa = PBXContainerItemProxy;
			containerPortal = 95A091E32EA63CFD00C60769 /* Project object */;
			proxyType = 1;
			remoteGlobalIDString = 8F52035F2EC65AA800F1E0F2;
			remoteInfo = NotificationServiceExtension;
		};
		95A091F92EA63CFF00C60769 /* PBXContainerItemProxy */ = {
			isa = PBXContainerItemProxy;
			containerPortal = 95A091E32EA63CFD00C60769 /* Project object */;
			proxyType = 1;
			remoteGlobalIDString = 95A091EA2EA63CFD00C60769;
			remoteInfo = chickenAlarm;
		};
		95A092032EA63CFF00C60769 /* PBXContainerItemProxy */ = {
			isa = PBXContainerItemProxy;
			containerPortal = 95A091E32EA63CFD00C60769 /* Project object */;
			proxyType = 1;
			remoteGlobalIDString = 95A091EA2EA63CFD00C60769;
			remoteInfo = chickenAlarm;
		};
/* End PBXContainerItemProxy section */

/* Begin PBXCopyFilesBuildPhase section */
		8F52036C2EC65AA800F1E0F2 /* Embed Foundation Extensions */ = {
			isa = PBXCopyFilesBuildPhase;
			buildActionMask = 2147483647;
			dstPath = "";
			dstSubfolderSpec = 13;
			files = (
				8F5203672EC65AA800F1E0F2 /* NotificationServiceExtension.appex in Embed Foundation Extensions */,
			);
			name = "Embed Foundation Extensions";
			runOnlyForDeploymentPostprocessing = 0;
		};
/* End PBXCopyFilesBuildPhase section */

/* Begin PBXFileReference section */
		8F5203602EC65AA800F1E0F2 /* NotificationServiceExtension.appex */ = {isa = PBXFileReference; explicitFileType = "wrapper.app-extension"; includeInIndex = 0; path = NotificationServiceExtension.appex; sourceTree = BUILT_PRODUCTS_DIR; };
		95A091EB2EA63CFD00C60769 /* chickenAlarm.app */ = {isa = PBXFileReference; explicitFileType = wrapper.application; includeInIndex = 0; path = chickenAlarm.app; sourceTree = BUILT_PRODUCTS_DIR; };
		95A091F82EA63CFF00C60769 /* chickenAlarmTests.xctest */ = {isa = PBXFileReference; explicitFileType = wrapper.cfbundle; includeInIndex = 0; path = chickenAlarmTests.xctest; sourceTree = BUILT_PRODUCTS_DIR; };
		95A092022EA63CFF00C60769 /* chickenAlarmUITests.xctest */ = {isa = PBXFileReference; explicitFileType = wrapper.cfbundle; includeInIndex = 0; path = chickenAlarmUITests.xctest; sourceTree = BUILT_PRODUCTS_DIR; };
/* End PBXFileReference section */

/* Begin PBXFileSystemSynchronizedBuildFileExceptionSet section */
		8F5203422EC63B6A00F1E0F2 /* Exceptions for "chickenAlarm" folder in "chickenAlarm" target */ = {
			isa = PBXFileSystemSynchronizedBuildFileExceptionSet;
			membershipExceptions = (
				Info.plist,
			);
			target = 95A091EA2EA63CFD00C60769 /* chickenAlarm */;
		};
		8F52036B2EC65AA800F1E0F2 /* Exceptions for "NotificationServiceExtension" folder in "NotificationServiceExtension" target */ = {
			isa = PBXFileSystemSynchronizedBuildFileExceptionSet;
			membershipExceptions = (
				Info.plist,
			);
			target = 8F52035F2EC65AA800F1E0F2 /* NotificationServiceExtension */;
		};
/* End PBXFileSystemSynchronizedBuildFileExceptionSet section */

/* Begin PBXFileSystemSynchronizedRootGroup section */
		8F5203612EC65AA800F1E0F2 /* NotificationServiceExtension */ = {
			isa = PBXFileSystemSynchronizedRootGroup;
			exceptions = (
				8F52036B2EC65AA800F1E0F2 /* Exceptions for "NotificationServiceExtension" folder in "NotificationServiceExtension" target */,
			);
			path = NotificationServiceExtension;
			sourceTree = "<group>";
		};
		95A091ED2EA63CFD00C60769 /* chickenAlarm */ = {
			isa = PBXFileSystemSynchronizedRootGroup;
			exceptions = (
				8F5203422EC63B6A00F1E0F2 /* Exceptions for "chickenAlarm" folder in "chickenAlarm" target */,
			);
			path = chickenAlarm;
			sourceTree = "<group>";
		};
		95A091FB2EA63CFF00C60769 /* chickenAlarmTests */ = {
			isa = PBXFileSystemSynchronizedRootGroup;
			path = chickenAlarmTests;
			sourceTree = "<group>";
		};
		95A092052EA63CFF00C60769 /* chickenAlarmUITests */ = {
			isa = PBXFileSystemSynchronizedRootGroup;
			path = chickenAlarmUITests;
			sourceTree = "<group>";
		};
		95A092152EA63DA200C60769 /* Main */ = {
			isa = PBXFileSystemSynchronizedRootGroup;
			path = Main;
			sourceTree = "<group>";
		};
/* End PBXFileSystemSynchronizedRootGroup section */

/* Begin PBXFrameworksBuildPhase section */
		8F52035D2EC65AA800F1E0F2 /* Frameworks */ = {
			isa = PBXFrameworksBuildPhase;
			buildActionMask = 2147483647;
			files = (
				8F52036F2EC65ABC00F1E0F2 /* FirebaseMessaging in Frameworks */,
			);
			runOnlyForDeploymentPostprocessing = 0;
		};
		95A091E82EA63CFD00C60769 /* Frameworks */ = {
			isa = PBXFrameworksBuildPhase;
			buildActionMask = 2147483647;
			files = (
				8F5203402EC63B6000F1E0F2 /* FirebaseMessaging in Frameworks */,
				8F52033E2EC63B6000F1E0F2 /* FirebaseCore in Frameworks */,
				8F52033B2EC63B1000F1E0F2 /* AppsFlyerLib in Frameworks */,
			);
			runOnlyForDeploymentPostprocessing = 0;
		};
		95A091F52EA63CFF00C60769 /* Frameworks */ = {
			isa = PBXFrameworksBuildPhase;
			buildActionMask = 2147483647;
			files = (
			);
			runOnlyForDeploymentPostprocessing = 0;
		};
		95A091FF2EA63CFF00C60769 /* Frameworks */ = {
			isa = PBXFrameworksBuildPhase;
			buildActionMask = 2147483647;
			files = (
			);
			runOnlyForDeploymentPostprocessing = 0;
		};
/* End PBXFrameworksBuildPhase section */

/* Begin PBXGroup section */
		8F52036D2EC65ABC00F1E0F2 /* Frameworks */ = {
			isa = PBXGroup;
			children = (
			);
			name = Frameworks;
			sourceTree = "<group>";
		};
		95A091E22EA63CFD00C60769 = {
			isa = PBXGroup;
			children = (
				95A092152EA63DA200C60769 /* Main */,
				95A091ED2EA63CFD00C60769 /* chickenAlarm */,
				95A091FB2EA63CFF00C60769 /* chickenAlarmTests */,
				95A092052EA63CFF00C60769 /* chickenAlarmUITests */,
				8F5203612EC65AA800F1E0F2 /* NotificationServiceExtension */,
				8F52036D2EC65ABC00F1E0F2 /* Frameworks */,
				95A091EC2EA63CFD00C60769 /* Products */,
			);
			sourceTree = "<group>";
		};
		95A091EC2EA63CFD00C60769 /* Products */ = {
			isa = PBXGroup;
			children = (
				95A091EB2EA63CFD00C60769 /* chickenAlarm.app */,
				95A091F82EA63CFF00C60769 /* chickenAlarmTests.xctest */,
				95A092022EA63CFF00C60769 /* chickenAlarmUITests.xctest */,
				8F5203602EC65AA800F1E0F2 /* NotificationServiceExtension.appex */,
			);
			name = Products;
			sourceTree = "<group>";
		};
/* End PBXGroup section */

/* Begin PBXNativeTarget section */
		8F52035F2EC65AA800F1E0F2 /* NotificationServiceExtension */ = {
			isa = PBXNativeTarget;
			buildConfigurationList = 8F5203682EC65AA800F1E0F2 /* Build configuration list for PBXNativeTarget "NotificationServiceExtension" */;
			buildPhases = (
				8F52035C2EC65AA800F1E0F2 /* Sources */,
				8F52035D2EC65AA800F1E0F2 /* Frameworks */,
				8F52035E2EC65AA800F1E0F2 /* Resources */,
			);
			buildRules = (
			);
			dependencies = (
			);
			fileSystemSynchronizedGroups = (
				8F5203612EC65AA800F1E0F2 /* NotificationServiceExtension */,
			);
			name = NotificationServiceExtension;
			packageProductDependencies = (
				8F52036E2EC65ABC00F1E0F2 /* FirebaseMessaging */,
			);
			productName = NotificationServiceExtension;
			productReference = 8F5203602EC65AA800F1E0F2 /* NotificationServiceExtension.appex */;
			productType = "com.apple.product-type.app-extension";
		};
		95A091EA2EA63CFD00C60769 /* chickenAlarm */ = {
			isa = PBXNativeTarget;
			buildConfigurationList = 95A0920C2EA63CFF00C60769 /* Build configuration list for PBXNativeTarget "chickenAlarm" */;
			buildPhases = (
				95A091E72EA63CFD00C60769 /* Sources */,
				95A091E82EA63CFD00C60769 /* Frameworks */,
				95A091E92EA63CFD00C60769 /* Resources */,
				8F52036C2EC65AA800F1E0F2 /* Embed Foundation Extensions */,
			);
			buildRules = (
			);
			dependencies = (
				8F5203662EC65AA800F1E0F2 /* PBXTargetDependency */,
			);
			fileSystemSynchronizedGroups = (
				95A091ED2EA63CFD00C60769 /* chickenAlarm */,
				95A092152EA63DA200C60769 /* Main */,
			);
			name = chickenAlarm;
			packageProductDependencies = (
				8F52033A2EC63B1000F1E0F2 /* AppsFlyerLib */,
				8F52033D2EC63B6000F1E0F2 /* FirebaseCore */,
				8F52033F2EC63B6000F1E0F2 /* FirebaseMessaging */,
			);
			productName = chickenAlarm;
			productReference = 95A091EB2EA63CFD00C60769 /* chickenAlarm.app */;
			productType = "com.apple.product-type.application";
		};
		95A091F72EA63CFF00C60769 /* chickenAlarmTests */ = {
			isa = PBXNativeTarget;
			buildConfigurationList = 95A0920F2EA63CFF00C60769 /* Build configuration list for PBXNativeTarget "chickenAlarmTests" */;
			buildPhases = (
				95A091F42EA63CFF00C60769 /* Sources */,
				95A091F52EA63CFF00C60769 /* Frameworks */,
				95A091F62EA63CFF00C60769 /* Resources */,
			);
			buildRules = (
			);
			dependencies = (
				95A091FA2EA63CFF00C60769 /* PBXTargetDependency */,
			);
			fileSystemSynchronizedGroups = (
				95A091FB2EA63CFF00C60769 /* chickenAlarmTests */,
			);
			name = chickenAlarmTests;
			packageProductDependencies = (
			);
			productName = chickenAlarmTests;
			productReference = 95A091F82EA63CFF00C60769 /* chickenAlarmTests.xctest */;
			productType = "com.apple.product-type.bundle.unit-test";
		};
		95A092012EA63CFF00C60769 /* chickenAlarmUITests */ = {
			isa = PBXNativeTarget;
			buildConfigurationList = 95A092122EA63CFF00C60769 /* Build configuration list for PBXNativeTarget "chickenAlarmUITests" */;
			buildPhases = (
				95A091FE2EA63CFF00C60769 /* Sources */,
				95A091FF2EA63CFF00C60769 /* Frameworks */,
				95A092002EA63CFF00C60769 /* Resources */,
			);
			buildRules = (
			);
			dependencies = (
				95A092042EA63CFF00C60769 /* PBXTargetDependency */,
			);
			fileSystemSynchronizedGroups = (
				95A092052EA63CFF00C60769 /* chickenAlarmUITests */,
			);
			name = chickenAlarmUITests;
			packageProductDependencies = (
			);
			productName = chickenAlarmUITests;
			productReference = 95A092022EA63CFF00C60769 /* chickenAlarmUITests.xctest */;
			productType = "com.apple.product-type.bundle.ui-testing";
		};
/* End PBXNativeTarget section */

/* Begin PBXProject section */
		95A091E32EA63CFD00C60769 /* Project object */ = {
			isa = PBXProject;
			attributes = {
				BuildIndependentTargetsInParallel = 1;
				LastSwiftUpdateCheck = 1640;
				LastUpgradeCheck = 2600;
				TargetAttributes = {
					8F52035F2EC65AA800F1E0F2 = {
						CreatedOnToolsVersion = 16.4;
					};
					95A091EA2EA63CFD00C60769 = {
						CreatedOnToolsVersion = 26.0.1;
					};
					95A091F72EA63CFF00C60769 = {
						CreatedOnToolsVersion = 26.0.1;
						TestTargetID = 95A091EA2EA63CFD00C60769;
					};
					95A092012EA63CFF00C60769 = {
						CreatedOnToolsVersion = 26.0.1;
						TestTargetID = 95A091EA2EA63CFD00C60769;
					};
				};
			};
			buildConfigurationList = 95A091E62EA63CFD00C60769 /* Build configuration list for PBXProject "chickenAlarm" */;
			developmentRegion = en;
			hasScannedForEncodings = 0;
			knownRegions = (
				en,
				Base,
			);
			mainGroup = 95A091E22EA63CFD00C60769;
			minimizedProjectReferenceProxies = 1;
			packageReferences = (
				8F5203392EC63B1000F1E0F2 /* XCRemoteSwiftPackageReference "AppsFlyerFramework" */,
				8F52033C2EC63B6000F1E0F2 /* XCRemoteSwiftPackageReference "firebase-ios-sdk" */,
			);
			preferredProjectObjectVersion = 77;
			productRefGroup = 95A091EC2EA63CFD00C60769 /* Products */;
			projectDirPath = "";
			projectRoot = "";
			targets = (
				95A091EA2EA63CFD00C60769 /* chickenAlarm */,
				95A091F72EA63CFF00C60769 /* chickenAlarmTests */,
				95A092012EA63CFF00C60769 /* chickenAlarmUITests */,
				8F52035F2EC65AA800F1E0F2 /* NotificationServiceExtension */,
			);
		};
/* End PBXProject section */

/* Begin PBXResourcesBuildPhase section */
		8F52035E2EC65AA800F1E0F2 /* Resources */ = {
			isa = PBXResourcesBuildPhase;
			buildActionMask = 2147483647;
			files = (
			);
			runOnlyForDeploymentPostprocessing = 0;
		};
		95A091E92EA63CFD00C60769 /* Resources */ = {
			isa = PBXResourcesBuildPhase;
			buildActionMask = 2147483647;
			files = (
			);
			runOnlyForDeploymentPostprocessing = 0;
		};
		95A091F62EA63CFF00C60769 /* Resources */ = {
			isa = PBXResourcesBuildPhase;
			buildActionMask = 2147483647;
			files = (
			);
			runOnlyForDeploymentPostprocessing = 0;
		};
		95A092002EA63CFF00C60769 /* Resources */ = {
			isa = PBXResourcesBuildPhase;
			buildActionMask = 2147483647;
			files = (
			);
			runOnlyForDeploymentPostprocessing = 0;
		};
/* End PBXResourcesBuildPhase section */

/* Begin PBXSourcesBuildPhase section */
		8F52035C2EC65AA800F1E0F2 /* Sources */ = {
			isa = PBXSourcesBuildPhase;
			buildActionMask = 2147483647;
			files = (
			);
			runOnlyForDeploymentPostprocessing = 0;
		};
		95A091E72EA63CFD00C60769 /* Sources */ = {
			isa = PBXSourcesBuildPhase;
			buildActionMask = 2147483647;
			files = (
			);
			runOnlyForDeploymentPostprocessing = 0;
		};
		95A091F42EA63CFF00C60769 /* Sources */ = {
			isa = PBXSourcesBuildPhase;
			buildActionMask = 2147483647;
			files = (
			);
			runOnlyForDeploymentPostprocessing = 0;
		};
		95A091FE2EA63CFF00C60769 /* Sources */ = {
			isa = PBXSourcesBuildPhase;
			buildActionMask = 2147483647;
			files = (
			);
			runOnlyForDeploymentPostprocessing = 0;
		};
/* End PBXSourcesBuildPhase section */

/* Begin PBXTargetDependency section */
		8F5203662EC65AA800F1E0F2 /* PBXTargetDependency */ = {
			isa = PBXTargetDependency;
			target = 8F52035F2EC65AA800F1E0F2 /* NotificationServiceExtension */;
			targetProxy = 8F5203652EC65AA800F1E0F2 /* PBXContainerItemProxy */;
		};
		95A091FA2EA63CFF00C60769 /* PBXTargetDependency */ = {
			isa = PBXTargetDependency;
			target = 95A091EA2EA63CFD00C60769 /* chickenAlarm */;
			targetProxy = 95A091F92EA63CFF00C60769 /* PBXContainerItemProxy */;
		};
		95A092042EA63CFF00C60769 /* PBXTargetDependency */ = {
			isa = PBXTargetDependency;
			target = 95A091EA2EA63CFD00C60769 /* chickenAlarm */;
			targetProxy = 95A092032EA63CFF00C60769 /* PBXContainerItemProxy */;
		};
/* End PBXTargetDependency section */

/* Begin XCBuildConfiguration section */
		8F5203692EC65AA800F1E0F2 /* Debug */ = {
			isa = XCBuildConfiguration;
			buildSettings = {
				CODE_SIGN_STYLE = Automatic;
				CURRENT_PROJECT_VERSION = 1;
				DEVELOPMENT_TEAM = K4CV2BU7AC;
				GENERATE_INFOPLIST_FILE = YES;
				INFOPLIST_FILE = NotificationServiceExtension/Info.plist;
				INFOPLIST_KEY_CFBundleDisplayName = NotificationServiceExtension;
				INFOPLIST_KEY_NSHumanReadableCopyright = "";
				IPHONEOS_DEPLOYMENT_TARGET = 15.6;
				LD_RUNPATH_SEARCH_PATHS = (
					"$(inherited)",
					"@executable_path/Frameworks",
					"@executable_path/../../Frameworks",
				);
				MARKETING_VERSION = 1.0;
				PRODUCT_BUNDLE_IDENTIFIER = com.alarmsapp.ChickAlarm27.NotificationServiceExtension;
				PRODUCT_NAME = "$(TARGET_NAME)";
				SKIP_INSTALL = YES;
				SUPPORTED_PLATFORMS = "iphoneos iphonesimulator";
				SUPPORTS_MACCATALYST = NO;
				SUPPORTS_MAC_DESIGNED_FOR_IPHONE_IPAD = NO;
				SUPPORTS_XR_DESIGNED_FOR_IPHONE_IPAD = NO;
				SWIFT_EMIT_LOC_STRINGS = YES;
				SWIFT_VERSION = 5.0;
				TARGETED_DEVICE_FAMILY = 1;
			};
			name = Debug;
		};
		8F52036A2EC65AA800F1E0F2 /* Release */ = {
			isa = XCBuildConfiguration;
			buildSettings = {
				CODE_SIGN_STYLE = Automatic;
				CURRENT_PROJECT_VERSION = 1;
				DEVELOPMENT_TEAM = K4CV2BU7AC;
				GENERATE_INFOPLIST_FILE = YES;
				INFOPLIST_FILE = NotificationServiceExtension/Info.plist;
				INFOPLIST_KEY_CFBundleDisplayName = NotificationServiceExtension;
				INFOPLIST_KEY_NSHumanReadableCopyright = "";
				IPHONEOS_DEPLOYMENT_TARGET = 15.6;
				LD_RUNPATH_SEARCH_PATHS = (
					"$(inherited)",
					"@executable_path/Frameworks",
					"@executable_path/../../Frameworks",
				);
				MARKETING_VERSION = 1.0;
				PRODUCT_BUNDLE_IDENTIFIER = com.alarmsapp.ChickAlarm27.NotificationServiceExtension;
				PRODUCT_NAME = "$(TARGET_NAME)";
				SKIP_INSTALL = YES;
				SUPPORTED_PLATFORMS = "iphoneos iphonesimulator";
				SUPPORTS_MACCATALYST = NO;
				SUPPORTS_MAC_DESIGNED_FOR_IPHONE_IPAD = NO;
				SUPPORTS_XR_DESIGNED_FOR_IPHONE_IPAD = NO;
				SWIFT_EMIT_LOC_STRINGS = YES;
				SWIFT_VERSION = 5.0;
				TARGETED_DEVICE_FAMILY = 1;
			};
			name = Release;
		};
		95A0920A2EA63CFF00C60769 /* Debug */ = {
			isa = XCBuildConfiguration;
			buildSettings = {
				ALWAYS_SEARCH_USER_PATHS = NO;
				ASSETCATALOG_COMPILER_GENERATE_SWIFT_ASSET_SYMBOL_EXTENSIONS = YES;
				CLANG_ANALYZER_NONNULL = YES;
				CLANG_ANALYZER_NUMBER_OBJECT_CONVERSION = YES_AGGRESSIVE;
				CLANG_CXX_LANGUAGE_STANDARD = "gnu++20";
				CLANG_ENABLE_MODULES = YES;
				CLANG_ENABLE_OBJC_ARC = YES;
				CLANG_ENABLE_OBJC_WEAK = YES;
				CLANG_WARN_BLOCK_CAPTURE_AUTORELEASING = YES;
				CLANG_WARN_BOOL_CONVERSION = YES;
				CLANG_WARN_COMMA = YES;
				CLANG_WARN_CONSTANT_CONVERSION = YES;
				CLANG_WARN_DEPRECATED_OBJC_IMPLEMENTATIONS = YES;
				CLANG_WARN_DIRECT_OBJC_ISA_USAGE = YES_ERROR;
				CLANG_WARN_DOCUMENTATION_COMMENTS = YES;
				CLANG_WARN_EMPTY_BODY = YES;
				CLANG_WARN_ENUM_CONVERSION = YES;
				CLANG_WARN_INFINITE_RECURSION = YES;
				CLANG_WARN_INT_CONVERSION = YES;
				CLANG_WARN_NON_LITERAL_NULL_CONVERSION = YES;
				CLANG_WARN_OBJC_IMPLICIT_RETAIN_SELF = YES;
				CLANG_WARN_OBJC_LITERAL_CONVERSION = YES;
				CLANG_WARN_OBJC_ROOT_CLASS = YES_ERROR;
				CLANG_WARN_QUOTED_INCLUDE_IN_FRAMEWORK_HEADER = YES;
				CLANG_WARN_RANGE_LOOP_ANALYSIS = YES;
				CLANG_WARN_STRICT_PROTOTYPES = YES;
				CLANG_WARN_SUSPICIOUS_MOVE = YES;
				CLANG_WARN_UNGUARDED_AVAILABILITY = YES_AGGRESSIVE;
				CLANG_WARN_UNREACHABLE_CODE = YES;
				CLANG_WARN__DUPLICATE_METHOD_MATCH = YES;
				COPY_PHASE_STRIP = NO;
				DEBUG_INFORMATION_FORMAT = dwarf;
				DEVELOPMENT_TEAM = 7X47AV9RN8;
				ENABLE_STRICT_OBJC_MSGSEND = YES;
				ENABLE_TESTABILITY = YES;
				ENABLE_USER_SCRIPT_SANDBOXING = YES;
				GCC_C_LANGUAGE_STANDARD = gnu17;
				GCC_DYNAMIC_NO_PIC = NO;
				GCC_NO_COMMON_BLOCKS = YES;
				GCC_OPTIMIZATION_LEVEL = 0;
				GCC_PREPROCESSOR_DEFINITIONS = (
					"DEBUG=1",
					"$(inherited)",
				);
				GCC_WARN_64_TO_32_BIT_CONVERSION = YES;
				GCC_WARN_ABOUT_RETURN_TYPE = YES_ERROR;
				GCC_WARN_UNDECLARED_SELECTOR = YES;
				GCC_WARN_UNINITIALIZED_AUTOS = YES_AGGRESSIVE;
				GCC_WARN_UNUSED_FUNCTION = YES;
				GCC_WARN_UNUSED_VARIABLE = YES;
				IPHONEOS_DEPLOYMENT_TARGET = 26.0;
				LOCALIZATION_PREFERS_STRING_CATALOGS = YES;
				MTL_ENABLE_DEBUG_INFO = INCLUDE_SOURCE;
				MTL_FAST_MATH = YES;
				ONLY_ACTIVE_ARCH = YES;
				SDKROOT = iphoneos;
				SWIFT_ACTIVE_COMPILATION_CONDITIONS = "DEBUG $(inherited)";
				SWIFT_OPTIMIZATION_LEVEL = "-Onone";
			};
			name = Debug;
		};
		95A0920B2EA63CFF00C60769 /* Release */ = {
			isa = XCBuildConfiguration;
			buildSettings = {
				ALWAYS_SEARCH_USER_PATHS = NO;
				ASSETCATALOG_COMPILER_GENERATE_SWIFT_ASSET_SYMBOL_EXTENSIONS = YES;
				CLANG_ANALYZER_NONNULL = YES;
				CLANG_ANALYZER_NUMBER_OBJECT_CONVERSION = YES_AGGRESSIVE;
				CLANG_CXX_LANGUAGE_STANDARD = "gnu++20";
				CLANG_ENABLE_MODULES = YES;
				CLANG_ENABLE_OBJC_ARC = YES;
				CLANG_ENABLE_OBJC_WEAK = YES;
				CLANG_WARN_BLOCK_CAPTURE_AUTORELEASING = YES;
				CLANG_WARN_BOOL_CONVERSION = YES;
				CLANG_WARN_COMMA = YES;
				CLANG_WARN_CONSTANT_CONVERSION = YES;
				CLANG_WARN_DEPRECATED_OBJC_IMPLEMENTATIONS = YES;
				CLANG_WARN_DIRECT_OBJC_ISA_USAGE = YES_ERROR;
				CLANG_WARN_DOCUMENTATION_COMMENTS = YES;
				CLANG_WARN_EMPTY_BODY = YES;
				CLANG_WARN_ENUM_CONVERSION = YES;
				CLANG_WARN_INFINITE_RECURSION = YES;
				CLANG_WARN_INT_CONVERSION = YES;
				CLANG_WARN_NON_LITERAL_NULL_CONVERSION = YES;
				CLANG_WARN_OBJC_IMPLICIT_RETAIN_SELF = YES;
				CLANG_WARN_OBJC_LITERAL_CONVERSION = YES;
				CLANG_WARN_OBJC_ROOT_CLASS = YES_ERROR;
				CLANG_WARN_QUOTED_INCLUDE_IN_FRAMEWORK_HEADER = YES;
				CLANG_WARN_RANGE_LOOP_ANALYSIS = YES;
				CLANG_WARN_STRICT_PROTOTYPES = YES;
				CLANG_WARN_SUSPICIOUS_MOVE = YES;
				CLANG_WARN_UNGUARDED_AVAILABILITY = YES_AGGRESSIVE;
				CLANG_WARN_UNREACHABLE_CODE = YES;
				CLANG_WARN__DUPLICATE_METHOD_MATCH = YES;
				COPY_PHASE_STRIP = NO;
				DEBUG_INFORMATION_FORMAT = "dwarf-with-dsym";
				DEVELOPMENT_TEAM = 7X47AV9RN8;
				ENABLE_NS_ASSERTIONS = NO;
				ENABLE_STRICT_OBJC_MSGSEND = YES;
				ENABLE_USER_SCRIPT_SANDBOXING = YES;
				GCC_C_LANGUAGE_STANDARD = gnu17;
				GCC_NO_COMMON_BLOCKS = YES;
				GCC_WARN_64_TO_32_BIT_CONVERSION = YES;
				GCC_WARN_ABOUT_RETURN_TYPE = YES_ERROR;
				GCC_WARN_UNDECLARED_SELECTOR = YES;
				GCC_WARN_UNINITIALIZED_AUTOS = YES_AGGRESSIVE;
				GCC_WARN_UNUSED_FUNCTION = YES;
				GCC_WARN_UNUSED_VARIABLE = YES;
				IPHONEOS_DEPLOYMENT_TARGET = 26.0;
				LOCALIZATION_PREFERS_STRING_CATALOGS = YES;
				MTL_ENABLE_DEBUG_INFO = NO;
				MTL_FAST_MATH = YES;
				SDKROOT = iphoneos;
				SWIFT_COMPILATION_MODE = wholemodule;
				VALIDATE_PRODUCT = YES;
			};
			name = Release;
		};
		95A0920D2EA63CFF00C60769 /* Debug */ = {
			isa = XCBuildConfiguration;
			buildSettings = {
				ASSETCATALOG_COMPILER_APPICON_NAME = AppIcon;
				ASSETCATALOG_COMPILER_GLOBAL_ACCENT_COLOR_NAME = AccentColor;
				CODE_SIGN_ENTITLEMENTS = chickenAlarm/chickenAlarm.entitlements;
				CODE_SIGN_STYLE = Automatic;
				CURRENT_PROJECT_VERSION = 1;
				DEVELOPMENT_TEAM = K4CV2BU7AC;
				ENABLE_PREVIEWS = YES;
				GENERATE_INFOPLIST_FILE = YES;
				INFOPLIST_FILE = chickenAlarm/Info.plist;
				INFOPLIST_KEY_CFBundleDisplayName = "Bird Hen Alarm";
				INFOPLIST_KEY_NSCameraUsageDescription = "Allow to use your camera in Bird Hen Alarm";
				INFOPLIST_KEY_NSUserTrackingUsageDescription = "Bird Hen Alarm may use your device identifier and limited usage data to understand how you interact with the app, measure performance, and deliver a more personalized alarm experience. With your permission, we may also use this data to show relevant promotions or partner offers that match your interests. This tracking helps us improve app quality, analyze alarm usage trends, and ensure our services remain free and relevant. Your data is handled securely, never sold, and is used only for analytics and personalization purposes in accordance with our Privacy Policy.";
				INFOPLIST_KEY_UIApplicationSceneManifest_Generation = YES;
				INFOPLIST_KEY_UIApplicationSupportsIndirectInputEvents = YES;
				INFOPLIST_KEY_UILaunchScreen_Generation = YES;
				INFOPLIST_KEY_UISupportedInterfaceOrientations_iPad = "UIInterfaceOrientationPortrait UIInterfaceOrientationPortraitUpsideDown UIInterfaceOrientationLandscapeLeft UIInterfaceOrientationLandscapeRight";
				INFOPLIST_KEY_UISupportedInterfaceOrientations_iPhone = "UIInterfaceOrientationPortrait UIInterfaceOrientationLandscapeLeft UIInterfaceOrientationLandscapeRight";
				IPHONEOS_DEPLOYMENT_TARGET = 15.6;
				LD_RUNPATH_SEARCH_PATHS = (
					"$(inherited)",
					"@executable_path/Frameworks",
				);
				MARKETING_VERSION = 2.0;
				PRODUCT_BUNDLE_IDENTIFIER = com.alarmsapp.ChickAlarm27;
				PRODUCT_NAME = "$(TARGET_NAME)";
				STRING_CATALOG_GENERATE_SYMBOLS = YES;
				SUPPORTED_PLATFORMS = "iphoneos iphonesimulator";
				SUPPORTS_MACCATALYST = NO;
				SUPPORTS_MAC_DESIGNED_FOR_IPHONE_IPAD = NO;
				SUPPORTS_XR_DESIGNED_FOR_IPHONE_IPAD = NO;
				SWIFT_APPROACHABLE_CONCURRENCY = YES;
				SWIFT_DEFAULT_ACTOR_ISOLATION = MainActor;
				SWIFT_EMIT_LOC_STRINGS = YES;
				SWIFT_UPCOMING_FEATURE_MEMBER_IMPORT_VISIBILITY = YES;
				SWIFT_VERSION = 5.0;
				TARGETED_DEVICE_FAMILY = 1;
			};
			name = Debug;
		};
		95A0920E2EA63CFF00C60769 /* Release */ = {
			isa = XCBuildConfiguration;
			buildSettings = {
				ASSETCATALOG_COMPILER_APPICON_NAME = AppIcon;
				ASSETCATALOG_COMPILER_GLOBAL_ACCENT_COLOR_NAME = AccentColor;
				CODE_SIGN_ENTITLEMENTS = chickenAlarm/chickenAlarm.entitlements;
				CODE_SIGN_STYLE = Automatic;
				CURRENT_PROJECT_VERSION = 1;
				DEVELOPMENT_TEAM = K4CV2BU7AC;
				ENABLE_PREVIEWS = YES;
				GENERATE_INFOPLIST_FILE = YES;
				INFOPLIST_FILE = chickenAlarm/Info.plist;
				INFOPLIST_KEY_CFBundleDisplayName = "Bird Hen Alarm";
				INFOPLIST_KEY_NSCameraUsageDescription = "Allow to use your camera in Bird Hen Alarm";
				INFOPLIST_KEY_NSUserTrackingUsageDescription = "Bird Hen Alarm may use your device identifier and limited usage data to understand how you interact with the app, measure performance, and deliver a more personalized alarm experience. With your permission, we may also use this data to show relevant promotions or partner offers that match your interests. This tracking helps us improve app quality, analyze alarm usage trends, and ensure our services remain free and relevant. Your data is handled securely, never sold, and is used only for analytics and personalization purposes in accordance with our Privacy Policy.";
				INFOPLIST_KEY_UIApplicationSceneManifest_Generation = YES;
				INFOPLIST_KEY_UIApplicationSupportsIndirectInputEvents = YES;
				INFOPLIST_KEY_UILaunchScreen_Generation = YES;
				INFOPLIST_KEY_UISupportedInterfaceOrientations_iPad = "UIInterfaceOrientationPortrait UIInterfaceOrientationPortraitUpsideDown UIInterfaceOrientationLandscapeLeft UIInterfaceOrientationLandscapeRight";
				INFOPLIST_KEY_UISupportedInterfaceOrientations_iPhone = "UIInterfaceOrientationPortrait UIInterfaceOrientationLandscapeLeft UIInterfaceOrientationLandscapeRight";
				IPHONEOS_DEPLOYMENT_TARGET = 15.6;
				LD_RUNPATH_SEARCH_PATHS = (
					"$(inherited)",
					"@executable_path/Frameworks",
				);
				MARKETING_VERSION = 2.0;
				PRODUCT_BUNDLE_IDENTIFIER = com.alarmsapp.ChickAlarm27;
				PRODUCT_NAME = "$(TARGET_NAME)";
				STRING_CATALOG_GENERATE_SYMBOLS = YES;
				SUPPORTED_PLATFORMS = "iphoneos iphonesimulator";
				SUPPORTS_MACCATALYST = NO;
				SUPPORTS_MAC_DESIGNED_FOR_IPHONE_IPAD = NO;
				SUPPORTS_XR_DESIGNED_FOR_IPHONE_IPAD = NO;
				SWIFT_APPROACHABLE_CONCURRENCY = YES;
				SWIFT_DEFAULT_ACTOR_ISOLATION = MainActor;
				SWIFT_EMIT_LOC_STRINGS = YES;
				SWIFT_UPCOMING_FEATURE_MEMBER_IMPORT_VISIBILITY = YES;
				SWIFT_VERSION = 5.0;
				TARGETED_DEVICE_FAMILY = 1;
			};
			name = Release;
		};
		95A092102EA63CFF00C60769 /* Debug */ = {
			isa = XCBuildConfiguration;
			buildSettings = {
				BUNDLE_LOADER = "$(TEST_HOST)";
				CODE_SIGN_STYLE = Automatic;
				CURRENT_PROJECT_VERSION = 1;
				DEVELOPMENT_TEAM = 7X47AV9RN8;
				GENERATE_INFOPLIST_FILE = YES;
				IPHONEOS_DEPLOYMENT_TARGET = 26.0;
				MARKETING_VERSION = 1.0;
				PRODUCT_BUNDLE_IDENTIFIER = com.chickenAlarmTests;
				PRODUCT_NAME = "$(TARGET_NAME)";
				STRING_CATALOG_GENERATE_SYMBOLS = NO;
				SWIFT_APPROACHABLE_CONCURRENCY = YES;
				SWIFT_EMIT_LOC_STRINGS = NO;
				SWIFT_UPCOMING_FEATURE_MEMBER_IMPORT_VISIBILITY = YES;
				SWIFT_VERSION = 5.0;
				TARGETED_DEVICE_FAMILY = "1,2";
				TEST_HOST = "$(BUILT_PRODUCTS_DIR)/chickenAlarm.app/$(BUNDLE_EXECUTABLE_FOLDER_PATH)/chickenAlarm";
			};
			name = Debug;
		};
		95A092112EA63CFF00C60769 /* Release */ = {
			isa = XCBuildConfiguration;
			buildSettings = {
				BUNDLE_LOADER = "$(TEST_HOST)";
				CODE_SIGN_STYLE = Automatic;
				CURRENT_PROJECT_VERSION = 1;
				DEVELOPMENT_TEAM = 7X47AV9RN8;
				GENERATE_INFOPLIST_FILE = YES;
				IPHONEOS_DEPLOYMENT_TARGET = 26.0;
				MARKETING_VERSION = 1.0;
				PRODUCT_BUNDLE_IDENTIFIER = com.chickenAlarmTests;
				PRODUCT_NAME = "$(TARGET_NAME)";
				STRING_CATALOG_GENERATE_SYMBOLS = NO;
				SWIFT_APPROACHABLE_CONCURRENCY = YES;
				SWIFT_EMIT_LOC_STRINGS = NO;
				SWIFT_UPCOMING_FEATURE_MEMBER_IMPORT_VISIBILITY = YES;
				SWIFT_VERSION = 5.0;
				TARGETED_DEVICE_FAMILY = "1,2";
				TEST_HOST = "$(BUILT_PRODUCTS_DIR)/chickenAlarm.app/$(BUNDLE_EXECUTABLE_FOLDER_PATH)/chickenAlarm";
			};
			name = Release;
		};
		95A092132EA63CFF00C60769 /* Debug */ = {
			isa = XCBuildConfiguration;
			buildSettings = {
				CODE_SIGN_STYLE = Automatic;
				CURRENT_PROJECT_VERSION = 1;
				DEVELOPMENT_TEAM = 7X47AV9RN8;
				GENERATE_INFOPLIST_FILE = YES;
				MARKETING_VERSION = 1.0;
				PRODUCT_BUNDLE_IDENTIFIER = com.chickenAlarmUITests;
				PRODUCT_NAME = "$(TARGET_NAME)";
				STRING_CATALOG_GENERATE_SYMBOLS = NO;
				SWIFT_APPROACHABLE_CONCURRENCY = YES;
				SWIFT_EMIT_LOC_STRINGS = NO;
				SWIFT_UPCOMING_FEATURE_MEMBER_IMPORT_VISIBILITY = YES;
				SWIFT_VERSION = 5.0;
				TARGETED_DEVICE_FAMILY = "1,2";
				TEST_TARGET_NAME = chickenAlarm;
			};
			name = Debug;
		};
		95A092142EA63CFF00C60769 /* Release */ = {
			isa = XCBuildConfiguration;
			buildSettings = {
				CODE_SIGN_STYLE = Automatic;
				CURRENT_PROJECT_VERSION = 1;
				DEVELOPMENT_TEAM = 7X47AV9RN8;
				GENERATE_INFOPLIST_FILE = YES;
				MARKETING_VERSION = 1.0;
				PRODUCT_BUNDLE_IDENTIFIER = com.chickenAlarmUITests;
				PRODUCT_NAME = "$(TARGET_NAME)";
				STRING_CATALOG_GENERATE_SYMBOLS = NO;
				SWIFT_APPROACHABLE_CONCURRENCY = YES;
				SWIFT_EMIT_LOC_STRINGS = NO;
				SWIFT_UPCOMING_FEATURE_MEMBER_IMPORT_VISIBILITY = YES;
				SWIFT_VERSION = 5.0;
				TARGETED_DEVICE_FAMILY = "1,2";
				TEST_TARGET_NAME = chickenAlarm;
			};
			name = Release;
		};
/* End XCBuildConfiguration section */

/* Begin XCConfigurationList section */
		8F5203682EC65AA800F1E0F2 /* Build configuration list for PBXNativeTarget "NotificationServiceExtension" */ = {
			isa = XCConfigurationList;
			buildConfigurations = (
				8F5203692EC65AA800F1E0F2 /* Debug */,
				8F52036A2EC65AA800F1E0F2 /* Release */,
			);
			defaultConfigurationIsVisible = 0;
			defaultConfigurationName = Release;
		};
		95A091E62EA63CFD00C60769 /* Build configuration list for PBXProject "chickenAlarm" */ = {
			isa = XCConfigurationList;
			buildConfigurations = (
				95A0920A2EA63CFF00C60769 /* Debug */,
				95A0920B2EA63CFF00C60769 /* Release */,
			);
			defaultConfigurationIsVisible = 0;
			defaultConfigurationName = Release;
		};
		95A0920C2EA63CFF00C60769 /* Build configuration list for PBXNativeTarget "chickenAlarm" */ = {
			isa = XCConfigurationList;
			buildConfigurations = (
				95A0920D2EA63CFF00C60769 /* Debug */,
				95A0920E2EA63CFF00C60769 /* Release */,
			);
			defaultConfigurationIsVisible = 0;
			defaultConfigurationName = Release;
		};
		95A0920F2EA63CFF00C60769 /* Build configuration list for PBXNativeTarget "chickenAlarmTests" */ = {
			isa = XCConfigurationList;
			buildConfigurations = (
				95A092102EA63CFF00C60769 /* Debug */,
				95A092112EA63CFF00C60769 /* Release */,
			);
			defaultConfigurationIsVisible = 0;
			defaultConfigurationName = Release;
		};
		95A092122EA63CFF00C60769 /* Build configuration list for PBXNativeTarget "chickenAlarmUITests" */ = {
			isa = XCConfigurationList;
			buildConfigurations = (
				95A092132EA63CFF00C60769 /* Debug */,
				95A092142EA63CFF00C60769 /* Release */,
			);
			defaultConfigurationIsVisible = 0;
			defaultConfigurationName = Release;
		};
/* End XCConfigurationList section */

/* Begin XCRemoteSwiftPackageReference section */
		8F5203392EC63B1000F1E0F2 /* XCRemoteSwiftPackageReference "AppsFlyerFramework" */ = {
			isa = XCRemoteSwiftPackageReference;
			repositoryURL = "https://github.com/AppsFlyerSDK/AppsFlyerFramework";
			requirement = {
				kind = upToNextMajorVersion;
				minimumVersion = 6.17.7;
			};
		};
		8F52033C2EC63B6000F1E0F2 /* XCRemoteSwiftPackageReference "firebase-ios-sdk" */ = {
			isa = XCRemoteSwiftPackageReference;
			repositoryURL = "https://github.com/firebase/firebase-ios-sdk";
			requirement = {
				kind = upToNextMajorVersion;
				minimumVersion = 12.5.0;
			};
		};
/* End XCRemoteSwiftPackageReference section */

/* Begin XCSwiftPackageProductDependency section */
		8F52033A2EC63B1000F1E0F2 /* AppsFlyerLib */ = {
			isa = XCSwiftPackageProductDependency;
			package = 8F5203392EC63B1000F1E0F2 /* XCRemoteSwiftPackageReference "AppsFlyerFramework" */;
			productName = AppsFlyerLib;
		};
		8F52033D2EC63B6000F1E0F2 /* FirebaseCore */ = {
			isa = XCSwiftPackageProductDependency;
			package = 8F52033C2EC63B6000F1E0F2 /* XCRemoteSwiftPackageReference "firebase-ios-sdk" */;
			productName = FirebaseCore;
		};
		8F52033F2EC63B6000F1E0F2 /* FirebaseMessaging */ = {
			isa = XCSwiftPackageProductDependency;
			package = 8F52033C2EC63B6000F1E0F2 /* XCRemoteSwiftPackageReference "firebase-ios-sdk" */;
			productName = FirebaseMessaging;
		};
		8F52036E2EC65ABC00F1E0F2 /* FirebaseMessaging */ = {
			isa = XCSwiftPackageProductDependency;
			package = 8F52033C2EC63B6000F1E0F2 /* XCRemoteSwiftPackageReference "firebase-ios-sdk" */;
			productName = FirebaseMessaging;
		};
/* End XCSwiftPackageProductDependency section */
	};
	rootObject = 95A091E32EA63CFD00C60769 /* Project object */;
}
